// !$*UTF8*$!
{
	archiveVersion = 1;
	classes = {
	};
	objectVersion = 46;
	objects = {

/* Begin PBXBuildFile section */
		106FE31DD9CD40C888DD0E31 /* AudioToolbox.framework in Frameworks */ = {isa = PBXBuildFile; fileRef = E87969CDD18944ABB19A2832 /* AudioToolbox.framework */; settings = {ATTRIBUTES = (Weak, ); }; };
		140DD46522494E92B4C1A797 /* CDVGlobalization.m in Sources */ = {isa = PBXBuildFile; fileRef = 66D178B577F44A61AB1D4E7D /* CDVGlobalization.m */; };
		16E19D7EE439420C92D66B21 /* CDVStatusBar.m in Sources */ = {isa = PBXBuildFile; fileRef = F6B5933F536C4488A5490839 /* CDVStatusBar.m */; };
		1CAC9E0DC22047F7B04CDEBE /* WizAssetsPluginExtendCDVViewControllerPrivate.h in Sources */ = {isa = PBXBuildFile; fileRef = 2C200C7A486C40CEB7F2694C /* WizAssetsPluginExtendCDVViewControllerPrivate.h */; };
		1D3623260D0F684500981E51 /* AppDelegate.m in Sources */ = {isa = PBXBuildFile; fileRef = 1D3623250D0F684500981E51 /* AppDelegate.m */; };
		1D60589B0D05DD56006BFB54 /* main.m in Sources */ = {isa = PBXBuildFile; fileRef = 29B97316FDCFA39411CA2CEA /* main.m */; };
		1F766FE113BBADB100FB74C0 /* Localizable.strings in Resources */ = {isa = PBXBuildFile; fileRef = 1F766FDC13BBADB100FB74C0 /* Localizable.strings */; };
		21DE5B40DD104B8A9590B51C /* CDVReachability.m in Sources */ = {isa = PBXBuildFile; fileRef = 95BCD994DFFF4E8288373476 /* CDVReachability.m */; };
		24C94C4E227744B3BBCE5349 /* AddressBook.framework in Frameworks */ = {isa = PBXBuildFile; fileRef = EDE7CE72AB724082A31D33BC /* AddressBook.framework */; settings = {ATTRIBUTES = (Weak, ); }; };
		288765FD0DF74451002DB57D /* CoreGraphics.framework in Frameworks */ = {isa = PBXBuildFile; fileRef = 288765FC0DF74451002DB57D /* CoreGraphics.framework */; };
		2B705A4F8F3E4F5E99030106 /* CDVConnection.m in Sources */ = {isa = PBXBuildFile; fileRef = ABD3A91A475D46E891F79658 /* CDVConnection.m */; };
		2C219ECC65E54AFFA8CC79E4 /* CDVCamera.m in Sources */ = {isa = PBXBuildFile; fileRef = 36440967E4F54E918FCBE41F /* CDVCamera.m */; };
		2C97E24A5BB1487AB54CD33A /* CDVCapture.bundle in Resources */ = {isa = PBXBuildFile; fileRef = B24FC0A382C741669E6372D6 /* CDVCapture.bundle */; };
		2D30D4D2F8784586A05844A6 /* CDVVibration.m in Sources */ = {isa = PBXBuildFile; fileRef = 4C68CF3BD6F647F0A7F5561F /* CDVVibration.m */; };
		301BF552109A68D80062928A /* libCordova.a in Frameworks */ = {isa = PBXBuildFile; fileRef = 301BF535109A57CC0062928A /* libCordova.a */; };
		302D95F114D2391D003F00A1 /* MainViewController.m in Sources */ = {isa = PBXBuildFile; fileRef = 302D95EF14D2391D003F00A1 /* MainViewController.m */; };
		302D95F214D2391D003F00A1 /* MainViewController.xib in Resources */ = {isa = PBXBuildFile; fileRef = 302D95F014D2391D003F00A1 /* MainViewController.xib */; };
		305D5FD1115AB8F900A74A75 /* MobileCoreServices.framework in Frameworks */ = {isa = PBXBuildFile; fileRef = 305D5FD0115AB8F900A74A75 /* MobileCoreServices.framework */; };
		3088BBBD154F3926009F9C59 /* Default-Landscape@2x~ipad.png in Resources */ = {isa = PBXBuildFile; fileRef = 3088BBB7154F3926009F9C59 /* Default-Landscape@2x~ipad.png */; };
		3088BBBE154F3926009F9C59 /* Default-Landscape~ipad.png in Resources */ = {isa = PBXBuildFile; fileRef = 3088BBB8154F3926009F9C59 /* Default-Landscape~ipad.png */; };
		3088BBBF154F3926009F9C59 /* Default-Portrait@2x~ipad.png in Resources */ = {isa = PBXBuildFile; fileRef = 3088BBB9154F3926009F9C59 /* Default-Portrait@2x~ipad.png */; };
		3088BBC0154F3926009F9C59 /* Default-Portrait~ipad.png in Resources */ = {isa = PBXBuildFile; fileRef = 3088BBBA154F3926009F9C59 /* Default-Portrait~ipad.png */; };
		3088BBC1154F3926009F9C59 /* Default@2x~iphone.png in Resources */ = {isa = PBXBuildFile; fileRef = 3088BBBB154F3926009F9C59 /* Default@2x~iphone.png */; };
		3088BBC2154F3926009F9C59 /* Default~iphone.png in Resources */ = {isa = PBXBuildFile; fileRef = 3088BBBC154F3926009F9C59 /* Default~iphone.png */; };
		308D05371370CCF300D202BF /* icon-72.png in Resources */ = {isa = PBXBuildFile; fileRef = 308D052E1370CCF300D202BF /* icon-72.png */; };
		308D05381370CCF300D202BF /* icon.png in Resources */ = {isa = PBXBuildFile; fileRef = 308D052F1370CCF300D202BF /* icon.png */; };
		308D05391370CCF300D202BF /* icon@2x.png in Resources */ = {isa = PBXBuildFile; fileRef = 308D05301370CCF300D202BF /* icon@2x.png */; };
		30A0434814DC770100060A13 /* Localizable.strings in Resources */ = {isa = PBXBuildFile; fileRef = 30A0434314DC770100060A13 /* Localizable.strings */; };
		30FC414916E50CA1004E6F35 /* icon-72@2x.png in Resources */ = {isa = PBXBuildFile; fileRef = 30FC414816E50CA1004E6F35 /* icon-72@2x.png */; };
		345097A0BC0F4B6F979D3B90 /* IonicKeyboard.m in Sources */ = {isa = PBXBuildFile; fileRef = 6789AC92DF4147C58670FEDD /* IonicKeyboard.m */; };
		3C83666A90284DEEAE28427E /* CDVContacts.m in Sources */ = {isa = PBXBuildFile; fileRef = 005B716AF8964B9E9D0AA8E6 /* CDVContacts.m */; };
		3DA01C66431F4413BF793ACB /* CDVLocation.m in Sources */ = {isa = PBXBuildFile; fileRef = 2E88E1FF50914885A0105483 /* CDVLocation.m */; };
		4020409719AC9C1A00B3856A /* ImageCompress.m in Sources */ = {isa = PBXBuildFile; fileRef = 4020409619AC9C1A00B3856A /* ImageCompress.m */; };
		4080A49319AE22C200296EA5 /* EchoimageUploads.m in Sources */ = {isa = PBXBuildFile; fileRef = 4080A49219AE22C200296EA5 /* EchoimageUploads.m */; };
		4B99CF4ACCD24048B39C1079 /* CDVCompass.m in Sources */ = {isa = PBXBuildFile; fileRef = 9FA94B0A375243C9AFF44FF0 /* CDVCompass.m */; };
		4E68816DE51C49A0AF8D1F2B /* MessageUI.framework in Frameworks */ = {isa = PBXBuildFile; fileRef = A0EABF453ED14C27AF48D024 /* MessageUI.framework */; settings = {ATTRIBUTES = (Weak, ); }; };
		537546442C8E4606AD5C966C /* WizActivitySpinnerView.m in Sources */ = {isa = PBXBuildFile; fileRef = D2C4F944307E424AA991936B /* WizActivitySpinnerView.m */; settings = {COMPILER_FLAGS = "-fno-objc-arc"; }; };
		5AEE5B35173C68D80009041E /* CoreLocation.framework in Frameworks */ = {isa = PBXBuildFile; fileRef = 5AEE5B34173C68D80009041E /* CoreLocation.framework */; };
		5B1594DD16A7569C00FEF299 /* AssetsLibrary.framework in Frameworks */ = {isa = PBXBuildFile; fileRef = 5B1594DC16A7569C00FEF299 /* AssetsLibrary.framework */; };
		5C1BDD6D588145858872FFE1 /* CDVLocalFilesystem.m in Sources */ = {isa = PBXBuildFile; fileRef = A840AED13E6B4F75BB94AE88 /* CDVLocalFilesystem.m */; };
		5F7160836C314897966DD482 /* UIWebViewExtension.m in Sources */ = {isa = PBXBuildFile; fileRef = CFE8D6C6ACA640429C29C36D /* UIWebViewExtension.m */; };
		5F95B0280C064315887944AD /* CDVSound.m in Sources */ = {isa = PBXBuildFile; fileRef = D6D1C0DEC73F4452ACB08E6C /* CDVSound.m */; };
		616128A14DC94E57A8F2281E /* CDVFileTransfer.m in Sources */ = {isa = PBXBuildFile; fileRef = 4C5ABC7204A2416A84CD2B97 /* CDVFileTransfer.m */; };
		66BF7B8D186B451CBB0E8B55 /* WizAssetsPluginExtendCDVViewController.m in Sources */ = {isa = PBXBuildFile; fileRef = F7CE586815BF4495A9C66AE7 /* WizAssetsPluginExtendCDVViewController.m */; settings = {COMPILER_FLAGS = "-fno-objc-arc"; }; };
		75148EF980CF4E3FA9312346 /* WizSpinnerPlugin.m in Sources */ = {isa = PBXBuildFile; fileRef = 9E49D109E8A549E8BD7AC1D5 /* WizSpinnerPlugin.m */; settings = {COMPILER_FLAGS = "-fno-objc-arc"; }; };
		78EF80E6CAC64BAAA7896AE4 /* CDVBattery.m in Sources */ = {isa = PBXBuildFile; fileRef = 4BC59DEF57DB4D8E84F40C2F /* CDVBattery.m */; };
		7E7966DE1810823500FA85AD /* icon-40.png in Resources */ = {isa = PBXBuildFile; fileRef = 7E7966D41810823500FA85AD /* icon-40.png */; };
		7E7966DF1810823500FA85AD /* icon-40@2x.png in Resources */ = {isa = PBXBuildFile; fileRef = 7E7966D51810823500FA85AD /* icon-40@2x.png */; };
		7E7966E01810823500FA85AD /* icon-50.png in Resources */ = {isa = PBXBuildFile; fileRef = 7E7966D61810823500FA85AD /* icon-50.png */; };
		7E7966E11810823500FA85AD /* icon-50@2x.png in Resources */ = {isa = PBXBuildFile; fileRef = 7E7966D71810823500FA85AD /* icon-50@2x.png */; };
		7E7966E21810823500FA85AD /* icon-60.png in Resources */ = {isa = PBXBuildFile; fileRef = 7E7966D81810823500FA85AD /* icon-60.png */; };
		7E7966E31810823500FA85AD /* icon-60@2x.png in Resources */ = {isa = PBXBuildFile; fileRef = 7E7966D91810823500FA85AD /* icon-60@2x.png */; };
		7E7966E41810823500FA85AD /* icon-76.png in Resources */ = {isa = PBXBuildFile; fileRef = 7E7966DA1810823500FA85AD /* icon-76.png */; };
		7E7966E51810823500FA85AD /* icon-76@2x.png in Resources */ = {isa = PBXBuildFile; fileRef = 7E7966DB1810823500FA85AD /* icon-76@2x.png */; };
		7E7966E61810823500FA85AD /* icon-small.png in Resources */ = {isa = PBXBuildFile; fileRef = 7E7966DC1810823500FA85AD /* icon-small.png */; };
		7E7966E71810823500FA85AD /* icon-small@2x.png in Resources */ = {isa = PBXBuildFile; fileRef = 7E7966DD1810823500FA85AD /* icon-small@2x.png */; };
		811AD6F51C8845C1893BAEAB /* AddressBookUI.framework in Frameworks */ = {isa = PBXBuildFile; fileRef = F027C4EA7D694F4C97E30665 /* AddressBookUI.framework */; settings = {ATTRIBUTES = (Weak, ); }; };
		8CB1169AD36C4B7BA46BAFBB /* ImageIO.framework in Frameworks */ = {isa = PBXBuildFile; fileRef = E2A5E9392E6B4B478AE16D1F /* ImageIO.framework */; settings = {ATTRIBUTES = (Weak, ); }; };
		9487FDF3DE714D49823A9DEB /* CDVNotification.m in Sources */ = {isa = PBXBuildFile; fileRef = BAAC0BC845C149F5B56C3E26 /* CDVNotification.m */; };
		A4BECBC41E664A05B8A5AF69 /* CDVFile.m in Sources */ = {isa = PBXBuildFile; fileRef = D1CA513D57394F8299F53FD8 /* CDVFile.m */; };
		A6F4836236DB495598043B9C /* CDVLogger.m in Sources */ = {isa = PBXBuildFile; fileRef = 554C900002CD4C87A61DCB35 /* CDVLogger.m */; };
		B12E4C8ED63C4618A26143F2 /* Screenshot.m in Sources */ = {isa = PBXBuildFile; fileRef = 8F37D19A98F846BD9E9AAD51 /* Screenshot.m */; };
		B25669A421FA46ACB4085551 /* CDVCapture.m in Sources */ = {isa = PBXBuildFile; fileRef = BA93AC6206E24B38A7D0D0DA /* CDVCapture.m */; };
		C341EA87C491475DBEA6D238 /* CDVInAppBrowser.m in Sources */ = {isa = PBXBuildFile; fileRef = CB7343CE04F24C988A837AEA /* CDVInAppBrowser.m */; };
		C9D9089BBFBA427791E74A55 /* CDVAccelerometer.m in Sources */ = {isa = PBXBuildFile; fileRef = 78326DAB0FC347AB9357965E /* CDVAccelerometer.m */; };
		D4A0D8761607E02300AEF8BB /* Default-568h@2x~iphone.png in Resources */ = {isa = PBXBuildFile; fileRef = D4A0D8751607E02300AEF8BB /* Default-568h@2x~iphone.png */; };
		D78AC3BC9375460E96CC8E6D /* Social.framework in Frameworks */ = {isa = PBXBuildFile; fileRef = 007D26B1AC8743C1B1C2F3F7 /* Social.framework */; settings = {ATTRIBUTES = (Weak, ); }; };
		D985FE482FDC497886D38D7A /* SystemConfiguration.framework in Frameworks */ = {isa = PBXBuildFile; fileRef = D596FCA2BB1A4CDB824A1636 /* SystemConfiguration.framework */; settings = {ATTRIBUTES = (Weak, ); }; };
		E33FB0B6D38E479CBD5B920B /* CDVJpegHeaderWriter.m in Sources */ = {isa = PBXBuildFile; fileRef = 412C776F000741D2BAAC185C /* CDVJpegHeaderWriter.m */; };
		E6F8A85800E34D35996B4BFC /* CDVContact.m in Sources */ = {isa = PBXBuildFile; fileRef = F48EDF2A04C84F959225A8C7 /* CDVContact.m */; };
		E86CCB775FDA4B5D818E1006 /* CoreMotion.framework in Frameworks */ = {isa = PBXBuildFile; fileRef = 27C84E0A0D7F49A8BD856C88 /* CoreMotion.framework */; };
		E97AE8CF305D4FEB9786C232 /* CDVSplashScreen.m in Sources */ = {isa = PBXBuildFile; fileRef = 0B1D697617C5496FA8C82F8B /* CDVSplashScreen.m */; };
		EE3B36E9E7664BF49A86C2FB /* SocialSharing.m in Sources */ = {isa = PBXBuildFile; fileRef = 425C60CF5CD146B793343A2C /* SocialSharing.m */; };
		F247214A21F5497DB35CB93A /* CDVAssetLibraryFilesystem.m in Sources */ = {isa = PBXBuildFile; fileRef = F7BA4F30C49F46CD9CB17EA8 /* CDVAssetLibraryFilesystem.m */; };
		F4CB9ADCFD3B44669CFED9B2 /* wizSpinner.plist in Sources */ = {isa = PBXBuildFile; fileRef = 0C33CF526DE34F4DB98E1C4D /* wizSpinner.plist */; };
		F6501B498393419FA6892FA6 /* CDVDevice.m in Sources */ = {isa = PBXBuildFile; fileRef = ED49D9DC1717499CBE059539 /* CDVDevice.m */; };
		FE1B36CBAC464BA1AD3DE6E7 /* CDVNotification.bundle in Resources */ = {isa = PBXBuildFile; fileRef = 1A5E9B90C0664CBF93EAF43E /* CDVNotification.bundle */; };
/* End PBXBuildFile section */

/* Begin PBXContainerItemProxy section */
		301BF534109A57CC0062928A /* PBXContainerItemProxy */ = {
			isa = PBXContainerItemProxy;
			containerPortal = 301BF52D109A57CC0062928A /* CordovaLib.xcodeproj */;
			proxyType = 2;
			remoteGlobalIDString = D2AAC07E0554694100DB518D;
			remoteInfo = CordovaLib;
		};
		301BF550109A68C00062928A /* PBXContainerItemProxy */ = {
			isa = PBXContainerItemProxy;
			containerPortal = 301BF52D109A57CC0062928A /* CordovaLib.xcodeproj */;
			proxyType = 1;
			remoteGlobalIDString = D2AAC07D0554694100DB518D;
			remoteInfo = CordovaLib;
		};
/* End PBXContainerItemProxy section */

/* Begin PBXFileReference section */
		005B716AF8964B9E9D0AA8E6 /* CDVContacts.m */ = {isa = PBXFileReference; fileEncoding = 4; lastKnownFileType = sourcecode.c.objc; name = CDVContacts.m; path = org.apache.cordova.contacts/CDVContacts.m; sourceTree = "<group>"; };
		007D26B1AC8743C1B1C2F3F7 /* Social.framework */ = {isa = PBXFileReference; fileEncoding = 4; lastKnownFileType = wrapper.framework; name = Social.framework; path = System/Library/Frameworks/Social.framework; sourceTree = SDKROOT; };
		03518314F11B4F408DB059CA /* CDVLocation.h */ = {isa = PBXFileReference; fileEncoding = 4; lastKnownFileType = sourcecode.c.h; name = CDVLocation.h; path = org.apache.cordova.geolocation/CDVLocation.h; sourceTree = "<group>"; };
		03D504B34D0D46459C4C7B26 /* IonicKeyboard.h */ = {isa = PBXFileReference; fileEncoding = 4; lastKnownFileType = sourcecode.c.h; name = IonicKeyboard.h; path = com.ionic.keyboard/IonicKeyboard.h; sourceTree = "<group>"; };
		0B1D697617C5496FA8C82F8B /* CDVSplashScreen.m */ = {isa = PBXFileReference; fileEncoding = 4; lastKnownFileType = sourcecode.c.objc; name = CDVSplashScreen.m; path = org.apache.cordova.splashscreen/CDVSplashScreen.m; sourceTree = "<group>"; };
		0C33CF526DE34F4DB98E1C4D /* wizSpinner.plist */ = {isa = PBXFileReference; fileEncoding = 4; lastKnownFileType = unknown; name = wizSpinner.plist; path = jp.wizcorp.phonegap.plugin.wizSpinnerPlugin/wizSpinner/wizSpinner.plist; sourceTree = "<group>"; };
		0E8B7084469A4674839DE72B /* CDVConnection.h */ = {isa = PBXFileReference; fileEncoding = 4; lastKnownFileType = sourcecode.c.h; name = CDVConnection.h; path = "org.apache.cordova.network-information/CDVConnection.h"; sourceTree = "<group>"; };
		1030F12F7FC74E1A8A49470D /* CDVNotification.h */ = {isa = PBXFileReference; fileEncoding = 4; lastKnownFileType = sourcecode.c.h; name = CDVNotification.h; path = org.apache.cordova.dialogs/CDVNotification.h; sourceTree = "<group>"; };
		1690A5A3BDDE4C779EE7672B /* SocialSharing.h */ = {isa = PBXFileReference; fileEncoding = 4; lastKnownFileType = sourcecode.c.h; name = SocialSharing.h; path = "nl.x-services.plugins.socialsharing/SocialSharing.h"; sourceTree = "<group>"; };
		1A5E9B90C0664CBF93EAF43E /* CDVNotification.bundle */ = {isa = PBXFileReference; lastKnownFileType = "wrapper.plug-in"; path = CDVNotification.bundle; sourceTree = "<group>"; };
		1BC99B7960E84F77A2AA9B32 /* CDVSound.h */ = {isa = PBXFileReference; fileEncoding = 4; lastKnownFileType = sourcecode.c.h; name = CDVSound.h; path = org.apache.cordova.media/CDVSound.h; sourceTree = "<group>"; };
		1D3623240D0F684500981E51 /* AppDelegate.h */ = {isa = PBXFileReference; fileEncoding = 4; lastKnownFileType = sourcecode.c.h; path = AppDelegate.h; sourceTree = "<group>"; };
		1D3623250D0F684500981E51 /* AppDelegate.m */ = {isa = PBXFileReference; fileEncoding = 4; lastKnownFileType = sourcecode.c.objc; path = AppDelegate.m; sourceTree = "<group>"; };
		1D6058910D05DD3D006BFB54 /* Realtors2.app */ = {isa = PBXFileReference; explicitFileType = wrapper.application; includeInIndex = 0; path = Realtors2.app; sourceTree = BUILT_PRODUCTS_DIR; };
		1F766FDD13BBADB100FB74C0 /* en */ = {isa = PBXFileReference; lastKnownFileType = text.plist.strings; name = en; path = Localizable.strings; sourceTree = "<group>"; };
		1F766FE013BBADB100FB74C0 /* es */ = {isa = PBXFileReference; lastKnownFileType = text.plist.strings; name = es; path = Localizable.strings; sourceTree = "<group>"; };
		27C84E0A0D7F49A8BD856C88 /* CoreMotion.framework */ = {isa = PBXFileReference; fileEncoding = 4; lastKnownFileType = wrapper.framework; name = CoreMotion.framework; path = System/Library/Frameworks/CoreMotion.framework; sourceTree = SDKROOT; };
		288765FC0DF74451002DB57D /* CoreGraphics.framework */ = {isa = PBXFileReference; lastKnownFileType = wrapper.framework; name = CoreGraphics.framework; path = System/Library/Frameworks/CoreGraphics.framework; sourceTree = SDKROOT; };
		296522001FE14D0AA0B84E5E /* CDVCamera.h */ = {isa = PBXFileReference; fileEncoding = 4; lastKnownFileType = sourcecode.c.h; name = CDVCamera.h; path = org.apache.cordova.camera/CDVCamera.h; sourceTree = "<group>"; };
		29B97316FDCFA39411CA2CEA /* main.m */ = {isa = PBXFileReference; fileEncoding = 4; lastKnownFileType = sourcecode.c.objc; path = main.m; sourceTree = "<group>"; };
		2C200C7A486C40CEB7F2694C /* WizAssetsPluginExtendCDVViewControllerPrivate.h */ = {isa = PBXFileReference; fileEncoding = 4; lastKnownFileType = sourcecode.c.h; name = WizAssetsPluginExtendCDVViewControllerPrivate.h; path = jp.wizcorp.phonegap.plugin.wizSpinnerPlugin/wizSpinner/WizAssetsPluginExtendCDVViewControllerPrivate.h; sourceTree = "<group>"; };
		2E3842DDFBE8430EA2850509 /* CDVSplashScreen.h */ = {isa = PBXFileReference; fileEncoding = 4; lastKnownFileType = sourcecode.c.h; name = CDVSplashScreen.h; path = org.apache.cordova.splashscreen/CDVSplashScreen.h; sourceTree = "<group>"; };
		2E88E1FF50914885A0105483 /* CDVLocation.m */ = {isa = PBXFileReference; fileEncoding = 4; lastKnownFileType = sourcecode.c.objc; name = CDVLocation.m; path = org.apache.cordova.geolocation/CDVLocation.m; sourceTree = "<group>"; };
		301BF52D109A57CC0062928A /* CordovaLib.xcodeproj */ = {isa = PBXFileReference; lastKnownFileType = "wrapper.pb-project"; name = CordovaLib.xcodeproj; path = CordovaLib/CordovaLib.xcodeproj; sourceTree = "<group>"; };
		301BF56E109A69640062928A /* www */ = {isa = PBXFileReference; lastKnownFileType = folder; path = www; sourceTree = SOURCE_ROOT; };
		302D95EE14D2391D003F00A1 /* MainViewController.h */ = {isa = PBXFileReference; fileEncoding = 4; lastKnownFileType = sourcecode.c.h; path = MainViewController.h; sourceTree = "<group>"; };
		302D95EF14D2391D003F00A1 /* MainViewController.m */ = {isa = PBXFileReference; fileEncoding = 4; lastKnownFileType = sourcecode.c.objc; path = MainViewController.m; sourceTree = "<group>"; };
		302D95F014D2391D003F00A1 /* MainViewController.xib */ = {isa = PBXFileReference; fileEncoding = 4; lastKnownFileType = file.xib; path = MainViewController.xib; sourceTree = "<group>"; };
		305D5FD0115AB8F900A74A75 /* MobileCoreServices.framework */ = {isa = PBXFileReference; lastKnownFileType = wrapper.framework; name = MobileCoreServices.framework; path = System/Library/Frameworks/MobileCoreServices.framework; sourceTree = SDKROOT; };
		3088BBB7154F3926009F9C59 /* Default-Landscape@2x~ipad.png */ = {isa = PBXFileReference; lastKnownFileType = image.png; path = "Default-Landscape@2x~ipad.png"; sourceTree = "<group>"; };
		3088BBB8154F3926009F9C59 /* Default-Landscape~ipad.png */ = {isa = PBXFileReference; lastKnownFileType = image.png; path = "Default-Landscape~ipad.png"; sourceTree = "<group>"; };
		3088BBB9154F3926009F9C59 /* Default-Portrait@2x~ipad.png */ = {isa = PBXFileReference; lastKnownFileType = image.png; path = "Default-Portrait@2x~ipad.png"; sourceTree = "<group>"; };
		3088BBBA154F3926009F9C59 /* Default-Portrait~ipad.png */ = {isa = PBXFileReference; lastKnownFileType = image.png; path = "Default-Portrait~ipad.png"; sourceTree = "<group>"; };
		3088BBBB154F3926009F9C59 /* Default@2x~iphone.png */ = {isa = PBXFileReference; lastKnownFileType = image.png; path = "Default@2x~iphone.png"; sourceTree = "<group>"; };
		3088BBBC154F3926009F9C59 /* Default~iphone.png */ = {isa = PBXFileReference; lastKnownFileType = image.png; path = "Default~iphone.png"; sourceTree = "<group>"; };
		308D052E1370CCF300D202BF /* icon-72.png */ = {isa = PBXFileReference; lastKnownFileType = image.png; path = "icon-72.png"; sourceTree = "<group>"; };
		308D052F1370CCF300D202BF /* icon.png */ = {isa = PBXFileReference; lastKnownFileType = image.png; path = icon.png; sourceTree = "<group>"; };
		308D05301370CCF300D202BF /* icon@2x.png */ = {isa = PBXFileReference; lastKnownFileType = image.png; path = "icon@2x.png"; sourceTree = "<group>"; };
		30A0434414DC770100060A13 /* de */ = {isa = PBXFileReference; lastKnownFileType = text.plist.strings; name = de; path = Localizable.strings; sourceTree = "<group>"; };
		30A0434714DC770100060A13 /* se */ = {isa = PBXFileReference; lastKnownFileType = text.plist.strings; name = se; path = Localizable.strings; sourceTree = "<group>"; };
		30FC414816E50CA1004E6F35 /* icon-72@2x.png */ = {isa = PBXFileReference; lastKnownFileType = image.png; path = "icon-72@2x.png"; sourceTree = "<group>"; };
		32CA4F630368D1EE00C91783 /* Realtors2-Prefix.pch */ = {isa = PBXFileReference; fileEncoding = 4; lastKnownFileType = sourcecode.c.h; path = "Realtors2-Prefix.pch"; sourceTree = "<group>"; };
		34DB7092469D404AA3BEDDCF /* CDVAssetLibraryFilesystem.h */ = {isa = PBXFileReference; fileEncoding = 4; lastKnownFileType = sourcecode.c.h; name = CDVAssetLibraryFilesystem.h; path = org.apache.cordova.file/CDVAssetLibraryFilesystem.h; sourceTree = "<group>"; };
		36440967E4F54E918FCBE41F /* CDVCamera.m */ = {isa = PBXFileReference; fileEncoding = 4; lastKnownFileType = sourcecode.c.objc; name = CDVCamera.m; path = org.apache.cordova.camera/CDVCamera.m; sourceTree = "<group>"; };
		4020409519AC9C1A00B3856A /* ImageCompress.h */ = {isa = PBXFileReference; fileEncoding = 4; lastKnownFileType = sourcecode.c.h; path = ImageCompress.h; sourceTree = "<group>"; };
		4020409619AC9C1A00B3856A /* ImageCompress.m */ = {isa = PBXFileReference; fileEncoding = 4; lastKnownFileType = sourcecode.c.objc; path = ImageCompress.m; sourceTree = "<group>"; };
		4080A49119AE22C200296EA5 /* EchoimageUploads.h */ = {isa = PBXFileReference; fileEncoding = 4; lastKnownFileType = sourcecode.c.h; path = EchoimageUploads.h; sourceTree = "<group>"; };
		4080A49219AE22C200296EA5 /* EchoimageUploads.m */ = {isa = PBXFileReference; fileEncoding = 4; lastKnownFileType = sourcecode.c.objc; path = EchoimageUploads.m; sourceTree = "<group>"; };
		412C776F000741D2BAAC185C /* CDVJpegHeaderWriter.m */ = {isa = PBXFileReference; fileEncoding = 4; lastKnownFileType = sourcecode.c.objc; name = CDVJpegHeaderWriter.m; path = org.apache.cordova.camera/CDVJpegHeaderWriter.m; sourceTree = "<group>"; };
		425C60CF5CD146B793343A2C /* SocialSharing.m */ = {isa = PBXFileReference; fileEncoding = 4; lastKnownFileType = sourcecode.c.objc; name = SocialSharing.m; path = "nl.x-services.plugins.socialsharing/SocialSharing.m"; sourceTree = "<group>"; };
		4BC59DEF57DB4D8E84F40C2F /* CDVBattery.m */ = {isa = PBXFileReference; fileEncoding = 4; lastKnownFileType = sourcecode.c.objc; name = CDVBattery.m; path = "org.apache.cordova.battery-status/CDVBattery.m"; sourceTree = "<group>"; };
		4C4361BC89894B98A02052BE /* CDVContacts.h */ = {isa = PBXFileReference; fileEncoding = 4; lastKnownFileType = sourcecode.c.h; name = CDVContacts.h; path = org.apache.cordova.contacts/CDVContacts.h; sourceTree = "<group>"; };
		4C5ABC7204A2416A84CD2B97 /* CDVFileTransfer.m */ = {isa = PBXFileReference; fileEncoding = 4; lastKnownFileType = sourcecode.c.objc; name = CDVFileTransfer.m; path = "org.apache.cordova.file-transfer/CDVFileTransfer.m"; sourceTree = "<group>"; };
		4C68CF3BD6F647F0A7F5561F /* CDVVibration.m */ = {isa = PBXFileReference; fileEncoding = 4; lastKnownFileType = sourcecode.c.objc; name = CDVVibration.m; path = org.apache.cordova.vibration/CDVVibration.m; sourceTree = "<group>"; };
		4DA52CD4EF6C4524BB8E7879 /* CDVReachability.h */ = {isa = PBXFileReference; fileEncoding = 4; lastKnownFileType = sourcecode.c.h; name = CDVReachability.h; path = "org.apache.cordova.network-information/CDVReachability.h"; sourceTree = "<group>"; };
		554C900002CD4C87A61DCB35 /* CDVLogger.m */ = {isa = PBXFileReference; fileEncoding = 4; lastKnownFileType = sourcecode.c.objc; name = CDVLogger.m; path = org.apache.cordova.console/CDVLogger.m; sourceTree = "<group>"; };
		5AEE5B34173C68D80009041E /* CoreLocation.framework */ = {isa = PBXFileReference; lastKnownFileType = wrapper.framework; name = CoreLocation.framework; path = System/Library/Frameworks/CoreLocation.framework; sourceTree = SDKROOT; };
		5B1594DC16A7569C00FEF299 /* AssetsLibrary.framework */ = {isa = PBXFileReference; lastKnownFileType = wrapper.framework; name = AssetsLibrary.framework; path = System/Library/Frameworks/AssetsLibrary.framework; sourceTree = SDKROOT; };
		60A4BC196ADF4CACA9ED4CEC /* UIWebViewExtension.h */ = {isa = PBXFileReference; fileEncoding = 4; lastKnownFileType = sourcecode.c.h; name = UIWebViewExtension.h; path = com.ionic.keyboard/UIWebViewExtension.h; sourceTree = "<group>"; };
		66D178B577F44A61AB1D4E7D /* CDVGlobalization.m */ = {isa = PBXFileReference; fileEncoding = 4; lastKnownFileType = sourcecode.c.objc; name = CDVGlobalization.m; path = org.apache.cordova.globalization/CDVGlobalization.m; sourceTree = "<group>"; };
		670096D3C8B642D491D2FBDB /* WizActivitySpinnerView.h */ = {isa = PBXFileReference; fileEncoding = 4; lastKnownFileType = sourcecode.c.h; name = WizActivitySpinnerView.h; path = jp.wizcorp.phonegap.plugin.wizSpinnerPlugin/wizSpinner/WizActivitySpinnerView.h; sourceTree = "<group>"; };
		6789AC92DF4147C58670FEDD /* IonicKeyboard.m */ = {isa = PBXFileReference; fileEncoding = 4; lastKnownFileType = sourcecode.c.objc; name = IonicKeyboard.m; path = com.ionic.keyboard/IonicKeyboard.m; sourceTree = "<group>"; };
		755079D444B54BAEBEA3066E /* CDVDevice.h */ = {isa = PBXFileReference; fileEncoding = 4; lastKnownFileType = sourcecode.c.h; name = CDVDevice.h; path = org.apache.cordova.device/CDVDevice.h; sourceTree = "<group>"; };
		78326DAB0FC347AB9357965E /* CDVAccelerometer.m */ = {isa = PBXFileReference; fileEncoding = 4; lastKnownFileType = sourcecode.c.objc; name = CDVAccelerometer.m; path = "org.apache.cordova.device-motion/CDVAccelerometer.m"; sourceTree = "<group>"; };
		7E7966D41810823500FA85AD /* icon-40.png */ = {isa = PBXFileReference; lastKnownFileType = image.png; path = "icon-40.png"; sourceTree = "<group>"; };
		7E7966D51810823500FA85AD /* icon-40@2x.png */ = {isa = PBXFileReference; lastKnownFileType = image.png; path = "icon-40@2x.png"; sourceTree = "<group>"; };
		7E7966D61810823500FA85AD /* icon-50.png */ = {isa = PBXFileReference; lastKnownFileType = image.png; path = "icon-50.png"; sourceTree = "<group>"; };
		7E7966D71810823500FA85AD /* icon-50@2x.png */ = {isa = PBXFileReference; lastKnownFileType = image.png; path = "icon-50@2x.png"; sourceTree = "<group>"; };
		7E7966D81810823500FA85AD /* icon-60.png */ = {isa = PBXFileReference; lastKnownFileType = image.png; path = "icon-60.png"; sourceTree = "<group>"; };
		7E7966D91810823500FA85AD /* icon-60@2x.png */ = {isa = PBXFileReference; lastKnownFileType = image.png; path = "icon-60@2x.png"; sourceTree = "<group>"; };
		7E7966DA1810823500FA85AD /* icon-76.png */ = {isa = PBXFileReference; lastKnownFileType = image.png; path = "icon-76.png"; sourceTree = "<group>"; };
		7E7966DB1810823500FA85AD /* icon-76@2x.png */ = {isa = PBXFileReference; lastKnownFileType = image.png; path = "icon-76@2x.png"; sourceTree = "<group>"; };
		7E7966DC1810823500FA85AD /* icon-small.png */ = {isa = PBXFileReference; lastKnownFileType = image.png; path = "icon-small.png"; sourceTree = "<group>"; };
		7E7966DD1810823500FA85AD /* icon-small@2x.png */ = {isa = PBXFileReference; lastKnownFileType = image.png; path = "icon-small@2x.png"; sourceTree = "<group>"; };
		8D1107310486CEB800E47090 /* Realtors2-Info.plist */ = {isa = PBXFileReference; fileEncoding = 4; lastKnownFileType = text.plist.xml; name = "Realtors2-Info.plist"; path = "../Realtors2-Info.plist"; plistStructureDefinitionIdentifier = "com.apple.xcode.plist.structure-definition.iphone.info-plist"; sourceTree = "<group>"; };
		8E713E99AE0D49E0AF3DD7E5 /* CDVAccelerometer.h */ = {isa = PBXFileReference; fileEncoding = 4; lastKnownFileType = sourcecode.c.h; name = CDVAccelerometer.h; path = "org.apache.cordova.device-motion/CDVAccelerometer.h"; sourceTree = "<group>"; };
		8F37D19A98F846BD9E9AAD51 /* Screenshot.m */ = {isa = PBXFileReference; fileEncoding = 4; lastKnownFileType = sourcecode.c.objc; name = Screenshot.m; path = com.darktalker.cordova.screenshot/Screenshot.m; sourceTree = "<group>"; };
		95BCD994DFFF4E8288373476 /* CDVReachability.m */ = {isa = PBXFileReference; fileEncoding = 4; lastKnownFileType = sourcecode.c.objc; name = CDVReachability.m; path = "org.apache.cordova.network-information/CDVReachability.m"; sourceTree = "<group>"; };
		9E49D109E8A549E8BD7AC1D5 /* WizSpinnerPlugin.m */ = {isa = PBXFileReference; fileEncoding = 4; lastKnownFileType = sourcecode.c.objc; name = WizSpinnerPlugin.m; path = jp.wizcorp.phonegap.plugin.wizSpinnerPlugin/wizSpinner/WizSpinnerPlugin.m; sourceTree = "<group>"; };
		9FA94B0A375243C9AFF44FF0 /* CDVCompass.m */ = {isa = PBXFileReference; fileEncoding = 4; lastKnownFileType = sourcecode.c.objc; name = CDVCompass.m; path = "org.apache.cordova.device-orientation/CDVCompass.m"; sourceTree = "<group>"; };
		A0EABF453ED14C27AF48D024 /* MessageUI.framework */ = {isa = PBXFileReference; fileEncoding = 4; lastKnownFileType = wrapper.framework; name = MessageUI.framework; path = System/Library/Frameworks/MessageUI.framework; sourceTree = SDKROOT; };
		A1A52253101B4E98BB88E464 /* CDVFileTransfer.h */ = {isa = PBXFileReference; fileEncoding = 4; lastKnownFileType = sourcecode.c.h; name = CDVFileTransfer.h; path = "org.apache.cordova.file-transfer/CDVFileTransfer.h"; sourceTree = "<group>"; };
		A47DDBEEA22B4B39AB8C2A50 /* WizAssetsPluginExtendCDVViewController.h */ = {isa = PBXFileReference; fileEncoding = 4; lastKnownFileType = sourcecode.c.h; name = WizAssetsPluginExtendCDVViewController.h; path = jp.wizcorp.phonegap.plugin.wizSpinnerPlugin/wizSpinner/WizAssetsPluginExtendCDVViewController.h; sourceTree = "<group>"; };
		A689377F69484663A1828FE8 /* CDVFile.h */ = {isa = PBXFileReference; fileEncoding = 4; lastKnownFileType = sourcecode.c.h; name = CDVFile.h; path = org.apache.cordova.file/CDVFile.h; sourceTree = "<group>"; };
		A840AED13E6B4F75BB94AE88 /* CDVLocalFilesystem.m */ = {isa = PBXFileReference; fileEncoding = 4; lastKnownFileType = sourcecode.c.objc; name = CDVLocalFilesystem.m; path = org.apache.cordova.file/CDVLocalFilesystem.m; sourceTree = "<group>"; };
		A84F95E8BAF84D3F9FA40581 /* CDVVibration.h */ = {isa = PBXFileReference; fileEncoding = 4; lastKnownFileType = sourcecode.c.h; name = CDVVibration.h; path = org.apache.cordova.vibration/CDVVibration.h; sourceTree = "<group>"; };
		ABD3A91A475D46E891F79658 /* CDVConnection.m */ = {isa = PBXFileReference; fileEncoding = 4; lastKnownFileType = sourcecode.c.objc; name = CDVConnection.m; path = "org.apache.cordova.network-information/CDVConnection.m"; sourceTree = "<group>"; };
		B24FC0A382C741669E6372D6 /* CDVCapture.bundle */ = {isa = PBXFileReference; lastKnownFileType = "wrapper.plug-in"; path = CDVCapture.bundle; sourceTree = "<group>"; };
		B7F60AC715AE46B3998E9F75 /* CDVLogger.h */ = {isa = PBXFileReference; fileEncoding = 4; lastKnownFileType = sourcecode.c.h; name = CDVLogger.h; path = org.apache.cordova.console/CDVLogger.h; sourceTree = "<group>"; };
		B814FCB740DE41448510EB61 /* WizDebugLog.h */ = {isa = PBXFileReference; fileEncoding = 4; lastKnownFileType = sourcecode.c.h; name = WizDebugLog.h; path = jp.wizcorp.phonegap.plugin.wizSpinnerPlugin/wizSpinner/WizDebugLog.h; sourceTree = "<group>"; };
		B923FF4DA3014E84966A5961 /* CDVBattery.h */ = {isa = PBXFileReference; fileEncoding = 4; lastKnownFileType = sourcecode.c.h; name = CDVBattery.h; path = "org.apache.cordova.battery-status/CDVBattery.h"; sourceTree = "<group>"; };
		BA93AC6206E24B38A7D0D0DA /* CDVCapture.m */ = {isa = PBXFileReference; fileEncoding = 4; lastKnownFileType = sourcecode.c.objc; name = CDVCapture.m; path = "org.apache.cordova.media-capture/CDVCapture.m"; sourceTree = "<group>"; };
		BAAC0BC845C149F5B56C3E26 /* CDVNotification.m */ = {isa = PBXFileReference; fileEncoding = 4; lastKnownFileType = sourcecode.c.objc; name = CDVNotification.m; path = org.apache.cordova.dialogs/CDVNotification.m; sourceTree = "<group>"; };
		C17040ED3A2347D9BA993084 /* CDVCapture.h */ = {isa = PBXFileReference; fileEncoding = 4; lastKnownFileType = sourcecode.c.h; name = CDVCapture.h; path = "org.apache.cordova.media-capture/CDVCapture.h"; sourceTree = "<group>"; };
		C31E553782024B38BCCC8C25 /* Screenshot.h */ = {isa = PBXFileReference; fileEncoding = 4; lastKnownFileType = sourcecode.c.h; name = Screenshot.h; path = com.darktalker.cordova.screenshot/Screenshot.h; sourceTree = "<group>"; };
		CB7343CE04F24C988A837AEA /* CDVInAppBrowser.m */ = {isa = PBXFileReference; fileEncoding = 4; lastKnownFileType = sourcecode.c.objc; name = CDVInAppBrowser.m; path = org.apache.cordova.inappbrowser/CDVInAppBrowser.m; sourceTree = "<group>"; };
		CF16DD7476C849EF8D82E1C4 /* CDVGlobalization.h */ = {isa = PBXFileReference; fileEncoding = 4; lastKnownFileType = sourcecode.c.h; name = CDVGlobalization.h; path = org.apache.cordova.globalization/CDVGlobalization.h; sourceTree = "<group>"; };
		CFE8D6C6ACA640429C29C36D /* UIWebViewExtension.m */ = {isa = PBXFileReference; fileEncoding = 4; lastKnownFileType = sourcecode.c.objc; name = UIWebViewExtension.m; path = com.ionic.keyboard/UIWebViewExtension.m; sourceTree = "<group>"; };
		D1CA513D57394F8299F53FD8 /* CDVFile.m */ = {isa = PBXFileReference; fileEncoding = 4; lastKnownFileType = sourcecode.c.objc; name = CDVFile.m; path = org.apache.cordova.file/CDVFile.m; sourceTree = "<group>"; };
		D2C4F944307E424AA991936B /* WizActivitySpinnerView.m */ = {isa = PBXFileReference; fileEncoding = 4; lastKnownFileType = sourcecode.c.objc; name = WizActivitySpinnerView.m; path = jp.wizcorp.phonegap.plugin.wizSpinnerPlugin/wizSpinner/WizActivitySpinnerView.m; sourceTree = "<group>"; };
		D4A0D8751607E02300AEF8BB /* Default-568h@2x~iphone.png */ = {isa = PBXFileReference; lastKnownFileType = image.png; path = "Default-568h@2x~iphone.png"; sourceTree = "<group>"; };
		D596FCA2BB1A4CDB824A1636 /* SystemConfiguration.framework */ = {isa = PBXFileReference; fileEncoding = 4; lastKnownFileType = wrapper.framework; name = SystemConfiguration.framework; path = System/Library/Frameworks/SystemConfiguration.framework; sourceTree = SDKROOT; };
		D5A87884BA7F4E3D82F2D699 /* CDVJpegHeaderWriter.h */ = {isa = PBXFileReference; fileEncoding = 4; lastKnownFileType = sourcecode.c.h; name = CDVJpegHeaderWriter.h; path = org.apache.cordova.camera/CDVJpegHeaderWriter.h; sourceTree = "<group>"; };
		D6D1C0DEC73F4452ACB08E6C /* CDVSound.m */ = {isa = PBXFileReference; fileEncoding = 4; lastKnownFileType = sourcecode.c.objc; name = CDVSound.m; path = org.apache.cordova.media/CDVSound.m; sourceTree = "<group>"; };
		D72B926B04D74C18A32DFEAC /* CDVContact.h */ = {isa = PBXFileReference; fileEncoding = 4; lastKnownFileType = sourcecode.c.h; name = CDVContact.h; path = org.apache.cordova.contacts/CDVContact.h; sourceTree = "<group>"; };
		DC56394B11D44AEA92D67DA2 /* CDVExif.h */ = {isa = PBXFileReference; fileEncoding = 4; lastKnownFileType = sourcecode.c.h; name = CDVExif.h; path = org.apache.cordova.camera/CDVExif.h; sourceTree = "<group>"; };
		E2A5E9392E6B4B478AE16D1F /* ImageIO.framework */ = {isa = PBXFileReference; fileEncoding = 4; lastKnownFileType = wrapper.framework; name = ImageIO.framework; path = System/Library/Frameworks/ImageIO.framework; sourceTree = SDKROOT; };
		E2AB620599C54747AE61B9AA /* CDVInAppBrowser.h */ = {isa = PBXFileReference; fileEncoding = 4; lastKnownFileType = sourcecode.c.h; name = CDVInAppBrowser.h; path = org.apache.cordova.inappbrowser/CDVInAppBrowser.h; sourceTree = "<group>"; };
		E382571E8C234056A1EC3524 /* CDVCompass.h */ = {isa = PBXFileReference; fileEncoding = 4; lastKnownFileType = sourcecode.c.h; name = CDVCompass.h; path = "org.apache.cordova.device-orientation/CDVCompass.h"; sourceTree = "<group>"; };
		E87969CDD18944ABB19A2832 /* AudioToolbox.framework */ = {isa = PBXFileReference; fileEncoding = 4; lastKnownFileType = wrapper.framework; name = AudioToolbox.framework; path = System/Library/Frameworks/AudioToolbox.framework; sourceTree = SDKROOT; };
		EB87FDF31871DA8E0020F90C /* www */ = {isa = PBXFileReference; lastKnownFileType = folder; name = www; path = ../../www; sourceTree = "<group>"; };
		EB87FDF41871DAF40020F90C /* config.xml */ = {isa = PBXFileReference; lastKnownFileType = text.xml; name = config.xml; path = ../../config.xml; sourceTree = "<group>"; };
		ED49D9DC1717499CBE059539 /* CDVDevice.m */ = {isa = PBXFileReference; fileEncoding = 4; lastKnownFileType = sourcecode.c.objc; name = CDVDevice.m; path = org.apache.cordova.device/CDVDevice.m; sourceTree = "<group>"; };
		EDE7CE72AB724082A31D33BC /* AddressBook.framework */ = {isa = PBXFileReference; fileEncoding = 4; lastKnownFileType = wrapper.framework; name = AddressBook.framework; path = System/Library/Frameworks/AddressBook.framework; sourceTree = SDKROOT; };
		EFE24422B4F449C3AD7628A5 /* CDVLocalFilesystem.h */ = {isa = PBXFileReference; fileEncoding = 4; lastKnownFileType = sourcecode.c.h; name = CDVLocalFilesystem.h; path = org.apache.cordova.file/CDVLocalFilesystem.h; sourceTree = "<group>"; };
		F027C4EA7D694F4C97E30665 /* AddressBookUI.framework */ = {isa = PBXFileReference; fileEncoding = 4; lastKnownFileType = wrapper.framework; name = AddressBookUI.framework; path = System/Library/Frameworks/AddressBookUI.framework; sourceTree = SDKROOT; };
		F0FB8E8B65694F5C99CAB85F /* WizSpinnerPlugin.h */ = {isa = PBXFileReference; fileEncoding = 4; lastKnownFileType = sourcecode.c.h; name = WizSpinnerPlugin.h; path = jp.wizcorp.phonegap.plugin.wizSpinnerPlugin/wizSpinner/WizSpinnerPlugin.h; sourceTree = "<group>"; };
		F2FAA0D1395C4D05BA6C5471 /* CDVStatusBar.h */ = {isa = PBXFileReference; fileEncoding = 4; lastKnownFileType = sourcecode.c.h; name = CDVStatusBar.h; path = org.apache.cordova.statusbar/CDVStatusBar.h; sourceTree = "<group>"; };
		F48EDF2A04C84F959225A8C7 /* CDVContact.m */ = {isa = PBXFileReference; fileEncoding = 4; lastKnownFileType = sourcecode.c.objc; name = CDVContact.m; path = org.apache.cordova.contacts/CDVContact.m; sourceTree = "<group>"; };
		F6B5933F536C4488A5490839 /* CDVStatusBar.m */ = {isa = PBXFileReference; fileEncoding = 4; lastKnownFileType = sourcecode.c.objc; name = CDVStatusBar.m; path = org.apache.cordova.statusbar/CDVStatusBar.m; sourceTree = "<group>"; };
		F7BA4F30C49F46CD9CB17EA8 /* CDVAssetLibraryFilesystem.m */ = {isa = PBXFileReference; fileEncoding = 4; lastKnownFileType = sourcecode.c.objc; name = CDVAssetLibraryFilesystem.m; path = org.apache.cordova.file/CDVAssetLibraryFilesystem.m; sourceTree = "<group>"; };
		F7CE586815BF4495A9C66AE7 /* WizAssetsPluginExtendCDVViewController.m */ = {isa = PBXFileReference; fileEncoding = 4; lastKnownFileType = sourcecode.c.objc; name = WizAssetsPluginExtendCDVViewController.m; path = jp.wizcorp.phonegap.plugin.wizSpinnerPlugin/wizSpinner/WizAssetsPluginExtendCDVViewController.m; sourceTree = "<group>"; };
		F840E1F0165FE0F500CFE078 /* config.xml */ = {isa = PBXFileReference; lastKnownFileType = text.xml; name = config.xml; path = Realtors2/config.xml; sourceTree = "<group>"; };
/* End PBXFileReference section */

/* Begin PBXFrameworksBuildPhase section */
		1D60588F0D05DD3D006BFB54 /* Frameworks */ = {
			isa = PBXFrameworksBuildPhase;
			buildActionMask = 2147483647;
			files = (
				5B1594DD16A7569C00FEF299 /* AssetsLibrary.framework in Frameworks */,
				301BF552109A68D80062928A /* libCordova.a in Frameworks */,
				288765FD0DF74451002DB57D /* CoreGraphics.framework in Frameworks */,
				305D5FD1115AB8F900A74A75 /* MobileCoreServices.framework in Frameworks */,
				5AEE5B35173C68D80009041E /* CoreLocation.framework in Frameworks */,
				D985FE482FDC497886D38D7A /* SystemConfiguration.framework in Frameworks */,
				E86CCB775FDA4B5D818E1006 /* CoreMotion.framework in Frameworks */,
				8CB1169AD36C4B7BA46BAFBB /* ImageIO.framework in Frameworks */,
				106FE31DD9CD40C888DD0E31 /* AudioToolbox.framework in Frameworks */,
				24C94C4E227744B3BBCE5349 /* AddressBook.framework in Frameworks */,
				811AD6F51C8845C1893BAEAB /* AddressBookUI.framework in Frameworks */,
				D78AC3BC9375460E96CC8E6D /* Social.framework in Frameworks */,
				4E68816DE51C49A0AF8D1F2B /* MessageUI.framework in Frameworks */,
			);
			runOnlyForDeploymentPostprocessing = 0;
		};
/* End PBXFrameworksBuildPhase section */

/* Begin PBXGroup section */
		080E96DDFE201D6D7F000001 /* Classes */ = {
			isa = PBXGroup;
			children = (
				302D95EE14D2391D003F00A1 /* MainViewController.h */,
				302D95EF14D2391D003F00A1 /* MainViewController.m */,
				302D95F014D2391D003F00A1 /* MainViewController.xib */,
				1D3623240D0F684500981E51 /* AppDelegate.h */,
				1D3623250D0F684500981E51 /* AppDelegate.m */,
			);
			name = Classes;
			path = Realtors2/Classes;
			sourceTree = SOURCE_ROOT;
		};
		19C28FACFE9D520D11CA2CBB /* Products */ = {
			isa = PBXGroup;
			children = (
				1D6058910D05DD3D006BFB54 /* Realtors2.app */,
			);
			name = Products;
			sourceTree = "<group>";
		};
		1F766FDB13BBADB100FB74C0 /* en.lproj */ = {
			isa = PBXGroup;
			children = (
				1F766FDC13BBADB100FB74C0 /* Localizable.strings */,
			);
			path = en.lproj;
			sourceTree = "<group>";
		};
		1F766FDE13BBADB100FB74C0 /* es.lproj */ = {
			isa = PBXGroup;
			children = (
				1F766FDF13BBADB100FB74C0 /* Localizable.strings */,
			);
			path = es.lproj;
			sourceTree = "<group>";
		};
		29B97314FDCFA39411CA2CEA /* CustomTemplate */ = {
			isa = PBXGroup;
			children = (
				EB87FDF41871DAF40020F90C /* config.xml */,
				EB87FDF31871DA8E0020F90C /* www */,
				EB87FDF11871DA420020F90C /* Staging */,
				301BF52D109A57CC0062928A /* CordovaLib.xcodeproj */,
				080E96DDFE201D6D7F000001 /* Classes */,
				307C750510C5A3420062BCA9 /* Plugins */,
				29B97315FDCFA39411CA2CEA /* Other Sources */,
				29B97317FDCFA39411CA2CEA /* Resources */,
				29B97323FDCFA39411CA2CEA /* Frameworks */,
				19C28FACFE9D520D11CA2CBB /* Products */,
			);
			name = CustomTemplate;
			sourceTree = "<group>";
		};
		29B97315FDCFA39411CA2CEA /* Other Sources */ = {
			isa = PBXGroup;
			children = (
				32CA4F630368D1EE00C91783 /* Realtors2-Prefix.pch */,
				29B97316FDCFA39411CA2CEA /* main.m */,
			);
			name = "Other Sources";
			path = Realtors2;
			sourceTree = "<group>";
		};
		29B97317FDCFA39411CA2CEA /* Resources */ = {
			isa = PBXGroup;
			children = (
				30A0434214DC770100060A13 /* de.lproj */,
				30A0434514DC770100060A13 /* se.lproj */,
				1F766FDB13BBADB100FB74C0 /* en.lproj */,
				1F766FDE13BBADB100FB74C0 /* es.lproj */,
				308D052D1370CCF300D202BF /* icons */,
				308D05311370CCF300D202BF /* splash */,
				8D1107310486CEB800E47090 /* Realtors2-Info.plist */,
				B24FC0A382C741669E6372D6 /* CDVCapture.bundle */,
				1A5E9B90C0664CBF93EAF43E /* CDVNotification.bundle */,
			);
			name = Resources;
			path = Realtors2/Resources;
			sourceTree = "<group>";
		};
		29B97323FDCFA39411CA2CEA /* Frameworks */ = {
			isa = PBXGroup;
			children = (
				5AEE5B34173C68D80009041E /* CoreLocation.framework */,
				5B1594DC16A7569C00FEF299 /* AssetsLibrary.framework */,
				288765FC0DF74451002DB57D /* CoreGraphics.framework */,
				305D5FD0115AB8F900A74A75 /* MobileCoreServices.framework */,
				D596FCA2BB1A4CDB824A1636 /* SystemConfiguration.framework */,
				27C84E0A0D7F49A8BD856C88 /* CoreMotion.framework */,
				E2A5E9392E6B4B478AE16D1F /* ImageIO.framework */,
				E87969CDD18944ABB19A2832 /* AudioToolbox.framework */,
				EDE7CE72AB724082A31D33BC /* AddressBook.framework */,
				F027C4EA7D694F4C97E30665 /* AddressBookUI.framework */,
				007D26B1AC8743C1B1C2F3F7 /* Social.framework */,
				A0EABF453ED14C27AF48D024 /* MessageUI.framework */,
			);
			name = Frameworks;
			sourceTree = "<group>";
		};
		301BF52E109A57CC0062928A /* Products */ = {
			isa = PBXGroup;
			children = (
				301BF535109A57CC0062928A /* libCordova.a */,
			);
			name = Products;
			sourceTree = "<group>";
		};
		307C750510C5A3420062BCA9 /* Plugins */ = {
			isa = PBXGroup;
			children = (
				4080A49119AE22C200296EA5 /* EchoimageUploads.h */,
				4080A49219AE22C200296EA5 /* EchoimageUploads.m */,
				4020409519AC9C1A00B3856A /* ImageCompress.h */,
				4020409619AC9C1A00B3856A /* ImageCompress.m */,
				ED49D9DC1717499CBE059539 /* CDVDevice.m */,
				755079D444B54BAEBEA3066E /* CDVDevice.h */,
				ABD3A91A475D46E891F79658 /* CDVConnection.m */,
				95BCD994DFFF4E8288373476 /* CDVReachability.m */,
				0E8B7084469A4674839DE72B /* CDVConnection.h */,
				4DA52CD4EF6C4524BB8E7879 /* CDVReachability.h */,
				4BC59DEF57DB4D8E84F40C2F /* CDVBattery.m */,
				B923FF4DA3014E84966A5961 /* CDVBattery.h */,
				78326DAB0FC347AB9357965E /* CDVAccelerometer.m */,
				8E713E99AE0D49E0AF3DD7E5 /* CDVAccelerometer.h */,
				9FA94B0A375243C9AFF44FF0 /* CDVCompass.m */,
				E382571E8C234056A1EC3524 /* CDVCompass.h */,
				2E88E1FF50914885A0105483 /* CDVLocation.m */,
				03518314F11B4F408DB059CA /* CDVLocation.h */,
				36440967E4F54E918FCBE41F /* CDVCamera.m */,
				412C776F000741D2BAAC185C /* CDVJpegHeaderWriter.m */,
				296522001FE14D0AA0B84E5E /* CDVCamera.h */,
				D5A87884BA7F4E3D82F2D699 /* CDVJpegHeaderWriter.h */,
				DC56394B11D44AEA92D67DA2 /* CDVExif.h */,
				D1CA513D57394F8299F53FD8 /* CDVFile.m */,
				A840AED13E6B4F75BB94AE88 /* CDVLocalFilesystem.m */,
				F7BA4F30C49F46CD9CB17EA8 /* CDVAssetLibraryFilesystem.m */,
				A689377F69484663A1828FE8 /* CDVFile.h */,
				EFE24422B4F449C3AD7628A5 /* CDVLocalFilesystem.h */,
				34DB7092469D404AA3BEDDCF /* CDVAssetLibraryFilesystem.h */,
				BA93AC6206E24B38A7D0D0DA /* CDVCapture.m */,
				C17040ED3A2347D9BA993084 /* CDVCapture.h */,
				D6D1C0DEC73F4452ACB08E6C /* CDVSound.m */,
				1BC99B7960E84F77A2AA9B32 /* CDVSound.h */,
				4C5ABC7204A2416A84CD2B97 /* CDVFileTransfer.m */,
				A1A52253101B4E98BB88E464 /* CDVFileTransfer.h */,
				BAAC0BC845C149F5B56C3E26 /* CDVNotification.m */,
				1030F12F7FC74E1A8A49470D /* CDVNotification.h */,
				4C68CF3BD6F647F0A7F5561F /* CDVVibration.m */,
				A84F95E8BAF84D3F9FA40581 /* CDVVibration.h */,
				005B716AF8964B9E9D0AA8E6 /* CDVContacts.m */,
				F48EDF2A04C84F959225A8C7 /* CDVContact.m */,
				4C4361BC89894B98A02052BE /* CDVContacts.h */,
				D72B926B04D74C18A32DFEAC /* CDVContact.h */,
				66D178B577F44A61AB1D4E7D /* CDVGlobalization.m */,
				CF16DD7476C849EF8D82E1C4 /* CDVGlobalization.h */,
				0B1D697617C5496FA8C82F8B /* CDVSplashScreen.m */,
				2E3842DDFBE8430EA2850509 /* CDVSplashScreen.h */,
				CB7343CE04F24C988A837AEA /* CDVInAppBrowser.m */,
				E2AB620599C54747AE61B9AA /* CDVInAppBrowser.h */,
				F6B5933F536C4488A5490839 /* CDVStatusBar.m */,
				F2FAA0D1395C4D05BA6C5471 /* CDVStatusBar.h */,
				554C900002CD4C87A61DCB35 /* CDVLogger.m */,
				B7F60AC715AE46B3998E9F75 /* CDVLogger.h */,
				D2C4F944307E424AA991936B /* WizActivitySpinnerView.m */,
				9E49D109E8A549E8BD7AC1D5 /* WizSpinnerPlugin.m */,
				F7CE586815BF4495A9C66AE7 /* WizAssetsPluginExtendCDVViewController.m */,
				2C200C7A486C40CEB7F2694C /* WizAssetsPluginExtendCDVViewControllerPrivate.h */,
				0C33CF526DE34F4DB98E1C4D /* wizSpinner.plist */,
				670096D3C8B642D491D2FBDB /* WizActivitySpinnerView.h */,
				F0FB8E8B65694F5C99CAB85F /* WizSpinnerPlugin.h */,
				A47DDBEEA22B4B39AB8C2A50 /* WizAssetsPluginExtendCDVViewController.h */,
				B814FCB740DE41448510EB61 /* WizDebugLog.h */,
				6789AC92DF4147C58670FEDD /* IonicKeyboard.m */,
				CFE8D6C6ACA640429C29C36D /* UIWebViewExtension.m */,
				03D504B34D0D46459C4C7B26 /* IonicKeyboard.h */,
				60A4BC196ADF4CACA9ED4CEC /* UIWebViewExtension.h */,
				8F37D19A98F846BD9E9AAD51 /* Screenshot.m */,
				C31E553782024B38BCCC8C25 /* Screenshot.h */,
				425C60CF5CD146B793343A2C /* SocialSharing.m */,
				1690A5A3BDDE4C779EE7672B /* SocialSharing.h */,
			);
			name = Plugins;
			path = Realtors2/Plugins;
			sourceTree = SOURCE_ROOT;
		};
		308D052D1370CCF300D202BF /* icons */ = {
			isa = PBXGroup;
			children = (
				7E7966D41810823500FA85AD /* icon-40.png */,
				7E7966D51810823500FA85AD /* icon-40@2x.png */,
				7E7966D61810823500FA85AD /* icon-50.png */,
				7E7966D71810823500FA85AD /* icon-50@2x.png */,
				7E7966D81810823500FA85AD /* icon-60.png */,
				7E7966D91810823500FA85AD /* icon-60@2x.png */,
				7E7966DA1810823500FA85AD /* icon-76.png */,
				7E7966DB1810823500FA85AD /* icon-76@2x.png */,
				7E7966DC1810823500FA85AD /* icon-small.png */,
				7E7966DD1810823500FA85AD /* icon-small@2x.png */,
				30FC414816E50CA1004E6F35 /* icon-72@2x.png */,
				308D052E1370CCF300D202BF /* icon-72.png */,
				308D052F1370CCF300D202BF /* icon.png */,
				308D05301370CCF300D202BF /* icon@2x.png */,
			);
			path = icons;
			sourceTree = "<group>";
		};
		308D05311370CCF300D202BF /* splash */ = {
			isa = PBXGroup;
			children = (
				D4A0D8751607E02300AEF8BB /* Default-568h@2x~iphone.png */,
				3088BBB7154F3926009F9C59 /* Default-Landscape@2x~ipad.png */,
				3088BBB8154F3926009F9C59 /* Default-Landscape~ipad.png */,
				3088BBB9154F3926009F9C59 /* Default-Portrait@2x~ipad.png */,
				3088BBBA154F3926009F9C59 /* Default-Portrait~ipad.png */,
				3088BBBB154F3926009F9C59 /* Default@2x~iphone.png */,
				3088BBBC154F3926009F9C59 /* Default~iphone.png */,
			);
			path = splash;
			sourceTree = "<group>";
		};
		30A0434214DC770100060A13 /* de.lproj */ = {
			isa = PBXGroup;
			children = (
				30A0434314DC770100060A13 /* Localizable.strings */,
			);
			path = de.lproj;
			sourceTree = "<group>";
		};
		30A0434514DC770100060A13 /* se.lproj */ = {
			isa = PBXGroup;
			children = (
				30A0434614DC770100060A13 /* Localizable.strings */,
			);
			path = se.lproj;
			sourceTree = "<group>";
		};
		EB87FDF11871DA420020F90C /* Staging */ = {
			isa = PBXGroup;
			children = (
				F840E1F0165FE0F500CFE078 /* config.xml */,
				301BF56E109A69640062928A /* www */,
			);
			name = Staging;
			sourceTree = "<group>";
		};
/* End PBXGroup section */

/* Begin PBXNativeTarget section */
		1D6058900D05DD3D006BFB54 /* Realtors2 */ = {
			isa = PBXNativeTarget;
			buildConfigurationList = 1D6058960D05DD3E006BFB54 /* Build configuration list for PBXNativeTarget "Realtors2" */;
			buildPhases = (
				304B58A110DAC018002A0835 /* Copy www directory */,
				1D60588D0D05DD3D006BFB54 /* Resources */,
				1D60588E0D05DD3D006BFB54 /* Sources */,
				1D60588F0D05DD3D006BFB54 /* Frameworks */,
			);
			buildRules = (
			);
			dependencies = (
				301BF551109A68C00062928A /* PBXTargetDependency */,
			);
			name = Realtors2;
			productName = Realtors2;
			productReference = 1D6058910D05DD3D006BFB54 /* Realtors2.app */;
			productType = "com.apple.product-type.application";
		};
/* End PBXNativeTarget section */

/* Begin PBXProject section */
		29B97313FDCFA39411CA2CEA /* Project object */ = {
			isa = PBXProject;
			attributes = {
				LastUpgradeCheck = 510;
			};
			buildConfigurationList = C01FCF4E08A954540054247B /* Build configuration list for PBXProject "Realtors2" */;
			compatibilityVersion = "Xcode 3.2";
			developmentRegion = English;
			hasScannedForEncodings = 1;
			knownRegions = (
				English,
				Japanese,
				French,
				German,
				en,
				es,
				de,
				se,
			);
			mainGroup = 29B97314FDCFA39411CA2CEA /* CustomTemplate */;
			projectDirPath = "";
			projectReferences = (
				{
					ProductGroup = 301BF52E109A57CC0062928A /* Products */;
					ProjectRef = 301BF52D109A57CC0062928A /* CordovaLib.xcodeproj */;
				},
			);
			projectRoot = "";
			targets = (
				1D6058900D05DD3D006BFB54 /* Realtors2 */,
			);
		};
/* End PBXProject section */

/* Begin PBXReferenceProxy section */
		301BF535109A57CC0062928A /* libCordova.a */ = {
			isa = PBXReferenceProxy;
			fileType = archive.ar;
			path = libCordova.a;
			remoteRef = 301BF534109A57CC0062928A /* PBXContainerItemProxy */;
			sourceTree = BUILT_PRODUCTS_DIR;
		};
/* End PBXReferenceProxy section */

/* Begin PBXResourcesBuildPhase section */
		1D60588D0D05DD3D006BFB54 /* Resources */ = {
			isa = PBXResourcesBuildPhase;
			buildActionMask = 2147483647;
			files = (
				7E7966E41810823500FA85AD /* icon-76.png in Resources */,
				7E7966DF1810823500FA85AD /* icon-40@2x.png in Resources */,
				308D05371370CCF300D202BF /* icon-72.png in Resources */,
				308D05381370CCF300D202BF /* icon.png in Resources */,
				308D05391370CCF300D202BF /* icon@2x.png in Resources */,
				1F766FE113BBADB100FB74C0 /* Localizable.strings in Resources */,
				302D95F214D2391D003F00A1 /* MainViewController.xib in Resources */,
				7E7966E01810823500FA85AD /* icon-50.png in Resources */,
				7E7966E31810823500FA85AD /* icon-60@2x.png in Resources */,
				30A0434814DC770100060A13 /* Localizable.strings in Resources */,
				7E7966E61810823500FA85AD /* icon-small.png in Resources */,
				3088BBBD154F3926009F9C59 /* Default-Landscape@2x~ipad.png in Resources */,
				3088BBBE154F3926009F9C59 /* Default-Landscape~ipad.png in Resources */,
				3088BBBF154F3926009F9C59 /* Default-Portrait@2x~ipad.png in Resources */,
				7E7966E71810823500FA85AD /* icon-small@2x.png in Resources */,
				3088BBC0154F3926009F9C59 /* Default-Portrait~ipad.png in Resources */,
				7E7966DE1810823500FA85AD /* icon-40.png in Resources */,
				3088BBC1154F3926009F9C59 /* Default@2x~iphone.png in Resources */,
				7E7966E21810823500FA85AD /* icon-60.png in Resources */,
				3088BBC2154F3926009F9C59 /* Default~iphone.png in Resources */,
				D4A0D8761607E02300AEF8BB /* Default-568h@2x~iphone.png in Resources */,
				7E7966E11810823500FA85AD /* icon-50@2x.png in Resources */,
				7E7966E51810823500FA85AD /* icon-76@2x.png in Resources */,
				30FC414916E50CA1004E6F35 /* icon-72@2x.png in Resources */,
				2C97E24A5BB1487AB54CD33A /* CDVCapture.bundle in Resources */,
				FE1B36CBAC464BA1AD3DE6E7 /* CDVNotification.bundle in Resources */,
			);
			runOnlyForDeploymentPostprocessing = 0;
		};
/* End PBXResourcesBuildPhase section */

/* Begin PBXShellScriptBuildPhase section */
		304B58A110DAC018002A0835 /* Copy www directory */ = {
			isa = PBXShellScriptBuildPhase;
			buildActionMask = 2147483647;
			files = (
			);
			inputPaths = (
			);
			name = "Copy www directory";
			outputPaths = (
			);
			runOnlyForDeploymentPostprocessing = 0;
			shellPath = /bin/sh;
			shellScript = "cordova/lib/copy-www-build-step.sh";
			showEnvVarsInLog = 0;
		};
/* End PBXShellScriptBuildPhase section */

/* Begin PBXSourcesBuildPhase section */
		1D60588E0D05DD3D006BFB54 /* Sources */ = {
			isa = PBXSourcesBuildPhase;
			buildActionMask = 2147483647;
			files = (
				1D60589B0D05DD56006BFB54 /* main.m in Sources */,
				1D3623260D0F684500981E51 /* AppDelegate.m in Sources */,
				302D95F114D2391D003F00A1 /* MainViewController.m in Sources */,
				F6501B498393419FA6892FA6 /* CDVDevice.m in Sources */,
				2B705A4F8F3E4F5E99030106 /* CDVConnection.m in Sources */,
				21DE5B40DD104B8A9590B51C /* CDVReachability.m in Sources */,
				4020409719AC9C1A00B3856A /* ImageCompress.m in Sources */,
				78EF80E6CAC64BAAA7896AE4 /* CDVBattery.m in Sources */,
				C9D9089BBFBA427791E74A55 /* CDVAccelerometer.m in Sources */,
				4B99CF4ACCD24048B39C1079 /* CDVCompass.m in Sources */,
				3DA01C66431F4413BF793ACB /* CDVLocation.m in Sources */,
				2C219ECC65E54AFFA8CC79E4 /* CDVCamera.m in Sources */,
				E33FB0B6D38E479CBD5B920B /* CDVJpegHeaderWriter.m in Sources */,
				A4BECBC41E664A05B8A5AF69 /* CDVFile.m in Sources */,
				5C1BDD6D588145858872FFE1 /* CDVLocalFilesystem.m in Sources */,
				F247214A21F5497DB35CB93A /* CDVAssetLibraryFilesystem.m in Sources */,
				B25669A421FA46ACB4085551 /* CDVCapture.m in Sources */,
				5F95B0280C064315887944AD /* CDVSound.m in Sources */,
				616128A14DC94E57A8F2281E /* CDVFileTransfer.m in Sources */,
				9487FDF3DE714D49823A9DEB /* CDVNotification.m in Sources */,
				2D30D4D2F8784586A05844A6 /* CDVVibration.m in Sources */,
				3C83666A90284DEEAE28427E /* CDVContacts.m in Sources */,
				E6F8A85800E34D35996B4BFC /* CDVContact.m in Sources */,
				140DD46522494E92B4C1A797 /* CDVGlobalization.m in Sources */,
				E97AE8CF305D4FEB9786C232 /* CDVSplashScreen.m in Sources */,
				C341EA87C491475DBEA6D238 /* CDVInAppBrowser.m in Sources */,
				16E19D7EE439420C92D66B21 /* CDVStatusBar.m in Sources */,
				A6F4836236DB495598043B9C /* CDVLogger.m in Sources */,
				537546442C8E4606AD5C966C /* WizActivitySpinnerView.m in Sources */,
				75148EF980CF4E3FA9312346 /* WizSpinnerPlugin.m in Sources */,
				66BF7B8D186B451CBB0E8B55 /* WizAssetsPluginExtendCDVViewController.m in Sources */,
				4080A49319AE22C200296EA5 /* EchoimageUploads.m in Sources */,
				1CAC9E0DC22047F7B04CDEBE /* WizAssetsPluginExtendCDVViewControllerPrivate.h in Sources */,
				F4CB9ADCFD3B44669CFED9B2 /* wizSpinner.plist in Sources */,
				345097A0BC0F4B6F979D3B90 /* IonicKeyboard.m in Sources */,
				5F7160836C314897966DD482 /* UIWebViewExtension.m in Sources */,
				B12E4C8ED63C4618A26143F2 /* Screenshot.m in Sources */,
				EE3B36E9E7664BF49A86C2FB /* SocialSharing.m in Sources */,
			);
			runOnlyForDeploymentPostprocessing = 0;
		};
/* End PBXSourcesBuildPhase section */

/* Begin PBXTargetDependency section */
		301BF551109A68C00062928A /* PBXTargetDependency */ = {
			isa = PBXTargetDependency;
			name = CordovaLib;
			targetProxy = 301BF550109A68C00062928A /* PBXContainerItemProxy */;
		};
/* End PBXTargetDependency section */

/* Begin PBXVariantGroup section */
		1F766FDC13BBADB100FB74C0 /* Localizable.strings */ = {
			isa = PBXVariantGroup;
			children = (
				1F766FDD13BBADB100FB74C0 /* en */,
			);
			name = Localizable.strings;
			sourceTree = "<group>";
		};
		1F766FDF13BBADB100FB74C0 /* Localizable.strings */ = {
			isa = PBXVariantGroup;
			children = (
				1F766FE013BBADB100FB74C0 /* es */,
			);
			name = Localizable.strings;
			sourceTree = "<group>";
		};
		30A0434314DC770100060A13 /* Localizable.strings */ = {
			isa = PBXVariantGroup;
			children = (
				30A0434414DC770100060A13 /* de */,
			);
			name = Localizable.strings;
			sourceTree = "<group>";
		};
		30A0434614DC770100060A13 /* Localizable.strings */ = {
			isa = PBXVariantGroup;
			children = (
				30A0434714DC770100060A13 /* se */,
			);
			name = Localizable.strings;
			sourceTree = "<group>";
		};
/* End PBXVariantGroup section */

/* Begin XCBuildConfiguration section */
		1D6058940D05DD3E006BFB54 /* Debug */ = {
			isa = XCBuildConfiguration;
			buildSettings = {
				ALWAYS_SEARCH_USER_PATHS = NO;
				CLANG_ENABLE_OBJC_ARC = YES;
				COPY_PHASE_STRIP = NO;
				GCC_DYNAMIC_NO_PIC = NO;
				GCC_OPTIMIZATION_LEVEL = 0;
				GCC_PRECOMPILE_PREFIX_HEADER = YES;
				GCC_PREFIX_HEADER = "Realtors2/Realtors2-Prefix.pch";
				GCC_THUMB_SUPPORT = NO;
				GCC_VERSION = "";
				INFOPLIST_FILE = "Realtors2/Realtors2-Info.plist";
				IPHONEOS_DEPLOYMENT_TARGET = 6.0;
				OTHER_LDFLAGS = (
					"-weak_framework",
					CoreFoundation,
					"-weak_framework",
					UIKit,
					"-weak_framework",
					AVFoundation,
					"-weak_framework",
					CoreMedia,
					"-weak-lSystem",
					"-force_load",
					"\"$(BUILT_PRODUCTS_DIR)/libCordova.a\"",
					"-ObjC",
				);
				PRODUCT_NAME = Realtors2;
				TARGETED_DEVICE_FAMILY = "1,2";
			};
			name = Debug;
		};
		1D6058950D05DD3E006BFB54 /* Release */ = {
			isa = XCBuildConfiguration;
			buildSettings = {
				ALWAYS_SEARCH_USER_PATHS = NO;
				CLANG_ENABLE_OBJC_ARC = YES;
				COPY_PHASE_STRIP = YES;
				GCC_PRECOMPILE_PREFIX_HEADER = YES;
				GCC_PREFIX_HEADER = "Realtors2/Realtors2-Prefix.pch";
				GCC_THUMB_SUPPORT = NO;
				GCC_VERSION = "";
				INFOPLIST_FILE = "Realtors2/Realtors2-Info.plist";
				IPHONEOS_DEPLOYMENT_TARGET = 6.0;
				OTHER_LDFLAGS = (
					"-weak_framework",
					CoreFoundation,
					"-weak_framework",
					UIKit,
					"-weak_framework",
					AVFoundation,
					"-weak_framework",
					CoreMedia,
					"-weak-lSystem",
					"-force_load",
					"\"$(BUILT_PRODUCTS_DIR)/libCordova.a\"",
					"-ObjC",
				);
				PRODUCT_NAME = Realtors2;
				TARGETED_DEVICE_FAMILY = "1,2";
			};
			name = Release;
		};
		C01FCF4F08A954540054247B /* Debug */ = {
			isa = XCBuildConfiguration;
			buildSettings = {
				CLANG_ENABLE_OBJC_ARC = YES;
				CLANG_WARN_BOOL_CONVERSION = YES;
				CLANG_WARN_CONSTANT_CONVERSION = YES;
				CLANG_WARN_EMPTY_BODY = YES;
				CLANG_WARN_ENUM_CONVERSION = YES;
				CLANG_WARN_INT_CONVERSION = YES;
				CLANG_WARN__DUPLICATE_METHOD_MATCH = YES;
				CODE_SIGN_IDENTITY = "iPhone Developer: Loni Oneil (AVG64K7DE8)";
				"CODE_SIGN_IDENTITY[sdk=iphoneos*]" = "iPhone Developer: Loni Oneil (AVG64K7DE8)";
				GCC_C_LANGUAGE_STANDARD = c99;
				GCC_THUMB_SUPPORT = NO;
				GCC_VERSION = "";
				GCC_WARN_ABOUT_RETURN_TYPE = YES;
				GCC_WARN_UNDECLARED_SELECTOR = YES;
				GCC_WARN_UNINITIALIZED_AUTOS = YES;
				GCC_WARN_UNUSED_FUNCTION = YES;
				GCC_WARN_UNUSED_VARIABLE = YES;
				HEADER_SEARCH_PATHS = (
					"\"$(TARGET_BUILD_DIR)/usr/local/lib/include\"",
					"\"$(OBJROOT)/UninstalledProducts/include\"",
					"\"$(BUILT_PRODUCTS_DIR)\"",
				);
				IPHONEOS_DEPLOYMENT_TARGET = 6.0;
				ONLY_ACTIVE_ARCH = YES;
				OTHER_LDFLAGS = (
					"-weak_framework",
					CoreFoundation,
					"-weak_framework",
					UIKit,
					"-weak_framework",
					AVFoundation,
					"-weak_framework",
					CoreMedia,
					"-weak-lSystem",
					"-force_load",
					"\"$(BUILT_PRODUCTS_DIR)/libCordova.a\"",
					"-ObjC",
				);
				PROVISIONING_PROFILE = "bb59c8a7-2a46-4c05-9119-4f6e9292da17";
				SDKROOT = iphoneos;
				SKIP_INSTALL = NO;
				USER_HEADER_SEARCH_PATHS = "";
			};
			name = Debug;
		};
		C01FCF5008A954540054247B /* Release */ = {
			isa = XCBuildConfiguration;
			buildSettings = {
				CLANG_ENABLE_OBJC_ARC = YES;
				CLANG_WARN_BOOL_CONVERSION = YES;
				CLANG_WARN_CONSTANT_CONVERSION = YES;
				CLANG_WARN_EMPTY_BODY = YES;
				CLANG_WARN_ENUM_CONVERSION = YES;
				CLANG_WARN_INT_CONVERSION = YES;
				CLANG_WARN__DUPLICATE_METHOD_MATCH = YES;
				CODE_SIGN_IDENTITY = "iPhone Developer: Loni Oneil (AVG64K7DE8)";
				"CODE_SIGN_IDENTITY[sdk=iphoneos*]" = "iPhone Developer: Loni Oneil (AVG64K7DE8)";
				GCC_C_LANGUAGE_STANDARD = c99;
				GCC_THUMB_SUPPORT = NO;
				GCC_VERSION = "";
				GCC_WARN_ABOUT_RETURN_TYPE = YES;
				GCC_WARN_UNDECLARED_SELECTOR = YES;
				GCC_WARN_UNINITIALIZED_AUTOS = YES;
				GCC_WARN_UNUSED_FUNCTION = YES;
				GCC_WARN_UNUSED_VARIABLE = YES;
				HEADER_SEARCH_PATHS = (
					"\"$(TARGET_BUILD_DIR)/usr/local/lib/include\"",
					"\"$(OBJROOT)/UninstalledProducts/include\"",
					"\"$(BUILT_PRODUCTS_DIR)\"",
				);
				IPHONEOS_DEPLOYMENT_TARGET = 6.0;
				OTHER_LDFLAGS = (
					"-weak_framework",
					CoreFoundation,
					"-weak_framework",
					UIKit,
					"-weak_framework",
					AVFoundation,
					"-weak_framework",
					CoreMedia,
					"-weak-lSystem",
					"-force_load",
					"\"$(BUILT_PRODUCTS_DIR)/libCordova.a\"",
					"-ObjC",
				);
				PROVISIONING_PROFILE = "bb59c8a7-2a46-4c05-9119-4f6e9292da17";
				SDKROOT = iphoneos;
				SKIP_INSTALL = NO;
				USER_HEADER_SEARCH_PATHS = "";
			};
			name = Release;
		};
/* End XCBuildConfiguration section */

/* Begin XCConfigurationList section */
		1D6058960D05DD3E006BFB54 /* Build configuration list for PBXNativeTarget "Realtors2" */ = {
			isa = XCConfigurationList;
			buildConfigurations = (
				1D6058940D05DD3E006BFB54 /* Debug */,
				1D6058950D05DD3E006BFB54 /* Release */,
			);
			defaultConfigurationIsVisible = 0;
			defaultConfigurationName = Release;
		};
		C01FCF4E08A954540054247B /* Build configuration list for PBXProject "Realtors2" */ = {
			isa = XCConfigurationList;
			buildConfigurations = (
				C01FCF4F08A954540054247B /* Debug */,
				C01FCF5008A954540054247B /* Release */,
			);
			defaultConfigurationIsVisible = 0;
			defaultConfigurationName = Release;
		};
/* End XCConfigurationList section */
	};
	rootObject = 29B97313FDCFA39411CA2CEA /* Project object */;
}
